PODS:
  - AFNetworking (2.4.1):
    - AFNetworking/NSURLConnection
    - AFNetworking/NSURLSession
    - AFNetworking/Reachability
    - AFNetworking/Security
    - AFNetworking/Serialization
    - AFNetworking/UIKit
  - AFNetworking/NSURLConnection (2.4.1):
    - AFNetworking/Reachability
    - AFNetworking/Security
    - AFNetworking/Serialization
  - AFNetworking/NSURLSession (2.4.1):
    - AFNetworking/Reachability
    - AFNetworking/Security
    - AFNetworking/Serialization
  - AFNetworking/Reachability (2.4.1)
  - AFNetworking/Security (2.4.1)
  - AFNetworking/Serialization (2.4.1)
  - AFNetworking/UIKit (2.4.1):
    - AFNetworking/NSURLConnection
    - AFNetworking/NSURLSession
  - AVHexColor (1.2.0)
  - Reveal-iOS-SDK (1.0.4)

DEPENDENCIES:
  - AFNetworking (~> 2.4.1)
  - AVHexColor (~> 1.2.0)
  - Reveal-iOS-SDK

SPEC CHECKSUMS:
  AFNetworking: 0aabc6fae66d6e5d039eeb21c315843c7aae51ab
  AVHexColor: b47099552819a98dc58d7931f0f43eb6e2308342
  Reveal-iOS-SDK: d3c8e109d42219daaa7a6e1ad2de34f0bdbb7a88

COCOAPODS: 0.33.1
