// !$*UTF8*$!
{
	archiveVersion = 1;
	classes = {
	};
	objectVersion = 46;
	objects = {

/* Begin PBXBuildFile section */
		1E8B07D6B12F49F681FFD14A /* libPods.a in Frameworks */ = {isa = PBXBuildFile; fileRef = 7824E268ACFD49089B70CB8B /* libPods.a */; };
		2077F43E19C2EEFC00689887 /* AppDelegate.swift in Sources */ = {isa = PBXBuildFile; fileRef = 2077F43D19C2EEFC00689887 /* AppDelegate.swift */; };
		2077F44019C2EEFC00689887 /* ViewController.swift in Sources */ = {isa = PBXBuildFile; fileRef = 2077F43F19C2EEFC00689887 /* ViewController.swift */; };
		2077F44319C2EEFC00689887 /* Main.storyboard in Resources */ = {isa = PBXBuildFile; fileRef = 2077F44119C2EEFC00689887 /* Main.storyboard */; };
		2077F44519C2EEFC00689887 /* Images.xcassets in Resources */ = {isa = PBXBuildFile; fileRef = 2077F44419C2EEFC00689887 /* Images.xcassets */; };
		2077F44819C2EEFC00689887 /* LaunchScreen.xib in Resources */ = {isa = PBXBuildFile; fileRef = 2077F44619C2EEFC00689887 /* LaunchScreen.xib */; };
		2077F45419C2EEFC00689887 /* ios8_rotten_tomatoesTests.swift in Sources */ = {isa = PBXBuildFile; fileRef = 2077F45319C2EEFC00689887 /* ios8_rotten_tomatoesTests.swift */; };
		2089C64819C4112600DEB01D /* MovieViewController.swift in Sources */ = {isa = PBXBuildFile; fileRef = 2089C64719C4112600DEB01D /* MovieViewController.swift */; };
		2089C64E19C419F900DEB01D /* Movie.swift in Sources */ = {isa = PBXBuildFile; fileRef = 2089C64D19C419F900DEB01D /* Movie.swift */; };
		2089C65719C4BFA200DEB01D /* BoxOfficeMovieTableViewCell.swift in Sources */ = {isa = PBXBuildFile; fileRef = 2089C65619C4BFA200DEB01D /* BoxOfficeMovieTableViewCell.swift */; };
		2089C65919C5159100DEB01D /* RottenTomatoesClient.swift in Sources */ = {isa = PBXBuildFile; fileRef = 2089C65819C5159100DEB01D /* RottenTomatoesClient.swift */; };
		2089C65B19C584E500DEB01D /* TopRentalsMovieTableViewCell.swift in Sources */ = {isa = PBXBuildFile; fileRef = 2089C65A19C584E500DEB01D /* TopRentalsMovieTableViewCell.swift */; };
		20CF5F7219C4011A00B0E05C /* BoxOfficeViewController.swift in Sources */ = {isa = PBXBuildFile; fileRef = 20CF5F7119C4011A00B0E05C /* BoxOfficeViewController.swift */; };
		20CF5F7419C4012600B0E05C /* TopRentalsViewController.swift in Sources */ = {isa = PBXBuildFile; fileRef = 20CF5F7319C4012600B0E05C /* TopRentalsViewController.swift */; };
/* End PBXBuildFile section */

/* Begin PBXContainerItemProxy section */
		2077F44E19C2EEFC00689887 /* PBXContainerItemProxy */ = {
			isa = PBXContainerItemProxy;
			containerPortal = 2077F43019C2EEFC00689887 /* Project object */;
			proxyType = 1;
			remoteGlobalIDString = 2077F43719C2EEFC00689887;
			remoteInfo = ios8_rotten_tomatoes;
		};
/* End PBXContainerItemProxy section */

/* Begin PBXFileReference section */
		2077F43819C2EEFC00689887 /* ios8_rotten_tomatoes.app */ = {isa = PBXFileReference; explicitFileType = wrapper.application; includeInIndex = 0; path = ios8_rotten_tomatoes.app; sourceTree = BUILT_PRODUCTS_DIR; };
		2077F43C19C2EEFC00689887 /* Info.plist */ = {isa = PBXFileReference; lastKnownFileType = text.plist.xml; path = Info.plist; sourceTree = "<group>"; };
		2077F43D19C2EEFC00689887 /* AppDelegate.swift */ = {isa = PBXFileReference; lastKnownFileType = sourcecode.swift; path = AppDelegate.swift; sourceTree = "<group>"; };
		2077F43F19C2EEFC00689887 /* ViewController.swift */ = {isa = PBXFileReference; lastKnownFileType = sourcecode.swift; path = ViewController.swift; sourceTree = "<group>"; };
		2077F44219C2EEFC00689887 /* Base */ = {isa = PBXFileReference; lastKnownFileType = file.storyboard; name = Base; path = Base.lproj/Main.storyboard; sourceTree = "<group>"; };
		2077F44419C2EEFC00689887 /* Images.xcassets */ = {isa = PBXFileReference; lastKnownFileType = folder.assetcatalog; path = Images.xcassets; sourceTree = "<group>"; };
		2077F44719C2EEFC00689887 /* Base */ = {isa = PBXFileReference; lastKnownFileType = file.xib; name = Base; path = Base.lproj/LaunchScreen.xib; sourceTree = "<group>"; };
		2077F44D19C2EEFC00689887 /* ios8_rotten_tomatoesTests.xctest */ = {isa = PBXFileReference; explicitFileType = wrapper.cfbundle; includeInIndex = 0; path = ios8_rotten_tomatoesTests.xctest; sourceTree = BUILT_PRODUCTS_DIR; };
		2077F45219C2EEFC00689887 /* Info.plist */ = {isa = PBXFileReference; lastKnownFileType = text.plist.xml; path = Info.plist; sourceTree = "<group>"; };
		2077F45319C2EEFC00689887 /* ios8_rotten_tomatoesTests.swift */ = {isa = PBXFileReference; lastKnownFileType = sourcecode.swift; path = ios8_rotten_tomatoesTests.swift; sourceTree = "<group>"; };
		2089C64719C4112600DEB01D /* MovieViewController.swift */ = {isa = PBXFileReference; fileEncoding = 4; lastKnownFileType = sourcecode.swift; path = MovieViewController.swift; sourceTree = "<group>"; };
		2089C64D19C419F900DEB01D /* Movie.swift */ = {isa = PBXFileReference; fileEncoding = 4; lastKnownFileType = sourcecode.swift; path = Movie.swift; sourceTree = "<group>"; };
		2089C64F19C43AC300DEB01D /* ios8_rotten_tomatoes-Bridging-Header.h */ = {isa = PBXFileReference; lastKnownFileType = sourcecode.c.h; path = "ios8_rotten_tomatoes-Bridging-Header.h"; sourceTree = "<group>"; };
		2089C65619C4BFA200DEB01D /* BoxOfficeMovieTableViewCell.swift */ = {isa = PBXFileReference; fileEncoding = 4; lastKnownFileType = sourcecode.swift; path = BoxOfficeMovieTableViewCell.swift; sourceTree = "<group>"; };
		2089C65819C5159100DEB01D /* RottenTomatoesClient.swift */ = {isa = PBXFileReference; fileEncoding = 4; lastKnownFileType = sourcecode.swift; path = RottenTomatoesClient.swift; sourceTree = "<group>"; };
		2089C65A19C584E500DEB01D /* TopRentalsMovieTableViewCell.swift */ = {isa = PBXFileReference; fileEncoding = 4; lastKnownFileType = sourcecode.swift; path = TopRentalsMovieTableViewCell.swift; sourceTree = "<group>"; };
		20CF5F7119C4011A00B0E05C /* BoxOfficeViewController.swift */ = {isa = PBXFileReference; fileEncoding = 4; lastKnownFileType = sourcecode.swift; path = BoxOfficeViewController.swift; sourceTree = "<group>"; };
		20CF5F7319C4012600B0E05C /* TopRentalsViewController.swift */ = {isa = PBXFileReference; fileEncoding = 4; lastKnownFileType = sourcecode.swift; path = TopRentalsViewController.swift; sourceTree = "<group>"; };
		7824E268ACFD49089B70CB8B /* libPods.a */ = {isa = PBXFileReference; explicitFileType = archive.ar; includeInIndex = 0; path = libPods.a; sourceTree = BUILT_PRODUCTS_DIR; };
		E9371ADC211E4E54BAB8FEA9 /* Pods.xcconfig */ = {isa = PBXFileReference; includeInIndex = 1; lastKnownFileType = text.xcconfig; name = Pods.xcconfig; path = Pods/Pods.xcconfig; sourceTree = "<group>"; };
/* End PBXFileReference section */

/* Begin PBXFrameworksBuildPhase section */
		2077F43519C2EEFC00689887 /* Frameworks */ = {
			isa = PBXFrameworksBuildPhase;
			buildActionMask = 2147483647;
			files = (
				1E8B07D6B12F49F681FFD14A /* libPods.a in Frameworks */,
			);
			runOnlyForDeploymentPostprocessing = 0;
		};
		2077F44A19C2EEFC00689887 /* Frameworks */ = {
			isa = PBXFrameworksBuildPhase;
			buildActionMask = 2147483647;
			files = (
			);
			runOnlyForDeploymentPostprocessing = 0;
		};
/* End PBXFrameworksBuildPhase section */

/* Begin PBXGroup section */
		02D92D3720784594BFF185AD /* Frameworks */ = {
			isa = PBXGroup;
			children = (
				7824E268ACFD49089B70CB8B /* libPods.a */,
			);
			name = Frameworks;
			sourceTree = "<group>";
		};
		2077F42F19C2EEFC00689887 = {
			isa = PBXGroup;
			children = (
				2077F43A19C2EEFC00689887 /* ios8_rotten_tomatoes */,
				2077F45019C2EEFC00689887 /* ios8_rotten_tomatoesTests */,
				2077F43919C2EEFC00689887 /* Products */,
				E9371ADC211E4E54BAB8FEA9 /* Pods.xcconfig */,
				02D92D3720784594BFF185AD /* Frameworks */,
			);
			sourceTree = "<group>";
		};
		2077F43919C2EEFC00689887 /* Products */ = {
			isa = PBXGroup;
			children = (
				2077F43819C2EEFC00689887 /* ios8_rotten_tomatoes.app */,
				2077F44D19C2EEFC00689887 /* ios8_rotten_tomatoesTests.xctest */,
			);
			name = Products;
			sourceTree = "<group>";
		};
		2077F43A19C2EEFC00689887 /* ios8_rotten_tomatoes */ = {
			isa = PBXGroup;
			children = (
				2089C64919C414C500DEB01D /* Clients */,
				20CF5F6B19C4003400B0E05C /* Controllers */,
				2089C64B19C415B800DEB01D /* Models */,
				2089C65219C4BF3100DEB01D /* UI */,
				2077F44119C2EEFC00689887 /* Main.storyboard */,
				2077F44419C2EEFC00689887 /* Images.xcassets */,
				2077F44619C2EEFC00689887 /* LaunchScreen.xib */,
				2077F43B19C2EEFC00689887 /* Supporting Files */,
				2089C64F19C43AC300DEB01D /* ios8_rotten_tomatoes-Bridging-Header.h */,
			);
			path = ios8_rotten_tomatoes;
			sourceTree = "<group>";
		};
		2077F43B19C2EEFC00689887 /* Supporting Files */ = {
			isa = PBXGroup;
			children = (
				2077F43C19C2EEFC00689887 /* Info.plist */,
			);
			name = "Supporting Files";
			sourceTree = "<group>";
		};
		2077F45019C2EEFC00689887 /* ios8_rotten_tomatoesTests */ = {
			isa = PBXGroup;
			children = (
				2077F45319C2EEFC00689887 /* ios8_rotten_tomatoesTests.swift */,
				2077F45119C2EEFC00689887 /* Supporting Files */,
			);
			path = ios8_rotten_tomatoesTests;
			sourceTree = "<group>";
		};
		2077F45119C2EEFC00689887 /* Supporting Files */ = {
			isa = PBXGroup;
			children = (
				2077F45219C2EEFC00689887 /* Info.plist */,
			);
			name = "Supporting Files";
			sourceTree = "<group>";
		};
		2089C64619C4111300DEB01D /* Movie */ = {
			isa = PBXGroup;
			children = (
				2089C64719C4112600DEB01D /* MovieViewController.swift */,
			);
			name = Movie;
			sourceTree = "<group>";
		};
		2089C64919C414C500DEB01D /* Clients */ = {
			isa = PBXGroup;
			children = (
				2089C64A19C414CF00DEB01D /* RottenTomatoes */,
			);
			name = Clients;
			sourceTree = "<group>";
		};
		2089C64A19C414CF00DEB01D /* RottenTomatoes */ = {
			isa = PBXGroup;
			children = (
				2089C65819C5159100DEB01D /* RottenTomatoesClient.swift */,
			);
			name = RottenTomatoes;
			sourceTree = "<group>";
		};
		2089C64B19C415B800DEB01D /* Models */ = {
			isa = PBXGroup;
			children = (
				2089C64C19C415CD00DEB01D /* Movie */,
			);
			name = Models;
			sourceTree = "<group>";
		};
		2089C64C19C415CD00DEB01D /* Movie */ = {
			isa = PBXGroup;
			children = (
				2089C64D19C419F900DEB01D /* Movie.swift */,
			);
			name = Movie;
			sourceTree = "<group>";
		};
		2089C65219C4BF3100DEB01D /* UI */ = {
			isa = PBXGroup;
			children = (
				2089C65319C4BF3F00DEB01D /* Table View Cells */,
			);
			name = UI;
			sourceTree = "<group>";
		};
		2089C65319C4BF3F00DEB01D /* Table View Cells */ = {
			isa = PBXGroup;
			children = (
				2089C65419C4BF4800DEB01D /* Box Office Movie */,
				2089C65519C4BF6500DEB01D /* Top Rentals Movie */,
			);
			name = "Table View Cells";
			sourceTree = "<group>";
		};
		2089C65419C4BF4800DEB01D /* Box Office Movie */ = {
			isa = PBXGroup;
			children = (
				2089C65619C4BFA200DEB01D /* BoxOfficeMovieTableViewCell.swift */,
			);
			name = "Box Office Movie";
			sourceTree = "<group>";
		};
		2089C65519C4BF6500DEB01D /* Top Rentals Movie */ = {
			isa = PBXGroup;
			children = (
				2089C65A19C584E500DEB01D /* TopRentalsMovieTableViewCell.swift */,
			);
			name = "Top Rentals Movie";
			sourceTree = "<group>";
		};
		2089C65C19C5932B00DEB01D /* App */ = {
			isa = PBXGroup;
			children = (
				2077F43D19C2EEFC00689887 /* AppDelegate.swift */,
				2077F43F19C2EEFC00689887 /* ViewController.swift */,
			);
			name = App;
			sourceTree = "<group>";
		};
		20CF5F6B19C4003400B0E05C /* Controllers */ = {
			isa = PBXGroup;
			children = (
				2089C65C19C5932B00DEB01D /* App */,
				2089C64619C4111300DEB01D /* Movie */,
				20CF5F6E19C400F200B0E05C /* Box Office */,
				20CF5F7019C4010A00B0E05C /* Top Rentals */,
			);
			name = Controllers;
			sourceTree = "<group>";
		};
		20CF5F6E19C400F200B0E05C /* Box Office */ = {
			isa = PBXGroup;
			children = (
				20CF5F7119C4011A00B0E05C /* BoxOfficeViewController.swift */,
			);
			name = "Box Office";
			sourceTree = "<group>";
		};
		20CF5F7019C4010A00B0E05C /* Top Rentals */ = {
			isa = PBXGroup;
			children = (
				20CF5F7319C4012600B0E05C /* TopRentalsViewController.swift */,
			);
			name = "Top Rentals";
			sourceTree = "<group>";
		};
/* End PBXGroup section */

/* Begin PBXNativeTarget section */
		2077F43719C2EEFC00689887 /* ios8_rotten_tomatoes */ = {
			isa = PBXNativeTarget;
			buildConfigurationList = 2077F45719C2EEFC00689887 /* Build configuration list for PBXNativeTarget "ios8_rotten_tomatoes" */;
			buildPhases = (
				89BD34EC0179440A969C01A8 /* Check Pods Manifest.lock */,
				2077F43419C2EEFC00689887 /* Sources */,
				2077F43519C2EEFC00689887 /* Frameworks */,
				2077F43619C2EEFC00689887 /* Resources */,
				AE6A3654CAEB4A9A93148A39 /* Copy Pods Resources */,
			);
			buildRules = (
			);
			dependencies = (
			);
			name = ios8_rotten_tomatoes;
			productName = ios8_rotten_tomatoes;
			productReference = 2077F43819C2EEFC00689887 /* ios8_rotten_tomatoes.app */;
			productType = "com.apple.product-type.application";
		};
		2077F44C19C2EEFC00689887 /* ios8_rotten_tomatoesTests */ = {
			isa = PBXNativeTarget;
			buildConfigurationList = 2077F45A19C2EEFC00689887 /* Build configuration list for PBXNativeTarget "ios8_rotten_tomatoesTests" */;
			buildPhases = (
				2077F44919C2EEFC00689887 /* Sources */,
				2077F44A19C2EEFC00689887 /* Frameworks */,
				2077F44B19C2EEFC00689887 /* Resources */,
			);
			buildRules = (
			);
			dependencies = (
				2077F44F19C2EEFC00689887 /* PBXTargetDependency */,
			);
			name = ios8_rotten_tomatoesTests;
			productName = ios8_rotten_tomatoesTests;
			productReference = 2077F44D19C2EEFC00689887 /* ios8_rotten_tomatoesTests.xctest */;
			productType = "com.apple.product-type.bundle.unit-test";
		};
/* End PBXNativeTarget section */

/* Begin PBXProject section */
		2077F43019C2EEFC00689887 /* Project object */ = {
			isa = PBXProject;
			attributes = {
				LastUpgradeCheck = 0600;
				ORGANIZATIONNAME = "Stanley Ng";
				TargetAttributes = {
					2077F43719C2EEFC00689887 = {
						CreatedOnToolsVersion = 6.0;
					};
					2077F44C19C2EEFC00689887 = {
						CreatedOnToolsVersion = 6.0;
						TestTargetID = 2077F43719C2EEFC00689887;
					};
				};
			};
			buildConfigurationList = 2077F43319C2EEFC00689887 /* Build configuration list for PBXProject "ios8_rotten_tomatoes" */;
			compatibilityVersion = "Xcode 3.2";
			developmentRegion = English;
			hasScannedForEncodings = 0;
			knownRegions = (
				en,
				Base,
			);
			mainGroup = 2077F42F19C2EEFC00689887;
			productRefGroup = 2077F43919C2EEFC00689887 /* Products */;
			projectDirPath = "";
			projectRoot = "";
			targets = (
				2077F43719C2EEFC00689887 /* ios8_rotten_tomatoes */,
				2077F44C19C2EEFC00689887 /* ios8_rotten_tomatoesTests */,
			);
		};
/* End PBXProject section */

/* Begin PBXResourcesBuildPhase section */
		2077F43619C2EEFC00689887 /* Resources */ = {
			isa = PBXResourcesBuildPhase;
			buildActionMask = 2147483647;
			files = (
				2077F44319C2EEFC00689887 /* Main.storyboard in Resources */,
				2077F44819C2EEFC00689887 /* LaunchScreen.xib in Resources */,
				2077F44519C2EEFC00689887 /* Images.xcassets in Resources */,
			);
			runOnlyForDeploymentPostprocessing = 0;
		};
		2077F44B19C2EEFC00689887 /* Resources */ = {
			isa = PBXResourcesBuildPhase;
			buildActionMask = 2147483647;
			files = (
			);
			runOnlyForDeploymentPostprocessing = 0;
		};
/* End PBXResourcesBuildPhase section */

/* Begin PBXShellScriptBuildPhase section */
		89BD34EC0179440A969C01A8 /* Check Pods Manifest.lock */ = {
			isa = PBXShellScriptBuildPhase;
			buildActionMask = 2147483647;
			files = (
			);
			inputPaths = (
			);
			name = "Check Pods Manifest.lock";
			outputPaths = (
			);
			runOnlyForDeploymentPostprocessing = 0;
			shellPath = /bin/sh;
			shellScript = "diff \"${PODS_ROOT}/../Podfile.lock\" \"${PODS_ROOT}/Manifest.lock\" > /dev/null\nif [[ $? != 0 ]] ; then\n    cat << EOM\nerror: The sandbox is not in sync with the Podfile.lock. Run 'pod install' or update your CocoaPods installation.\nEOM\n    exit 1\nfi\n";
			showEnvVarsInLog = 0;
		};
		AE6A3654CAEB4A9A93148A39 /* Copy Pods Resources */ = {
			isa = PBXShellScriptBuildPhase;
			buildActionMask = 2147483647;
			files = (
			);
			inputPaths = (
			);
			name = "Copy Pods Resources";
			outputPaths = (
			);
			runOnlyForDeploymentPostprocessing = 0;
			shellPath = /bin/sh;
			shellScript = "\"${SRCROOT}/Pods/Pods-resources.sh\"\n";
			showEnvVarsInLog = 0;
		};
/* End PBXShellScriptBuildPhase section */

/* Begin PBXSourcesBuildPhase section */
		2077F43419C2EEFC00689887 /* Sources */ = {
			isa = PBXSourcesBuildPhase;
			buildActionMask = 2147483647;
			files = (
				20CF5F7419C4012600B0E05C /* TopRentalsViewController.swift in Sources */,
				2089C65719C4BFA200DEB01D /* BoxOfficeMovieTableViewCell.swift in Sources */,
				2089C64819C4112600DEB01D /* MovieViewController.swift in Sources */,
				2089C64E19C419F900DEB01D /* Movie.swift in Sources */,
				2089C65919C5159100DEB01D /* RottenTomatoesClient.swift in Sources */,
				2089C65B19C584E500DEB01D /* TopRentalsMovieTableViewCell.swift in Sources */,
				2077F44019C2EEFC00689887 /* ViewController.swift in Sources */,
				2077F43E19C2EEFC00689887 /* AppDelegate.swift in Sources */,
				20CF5F7219C4011A00B0E05C /* BoxOfficeViewController.swift in Sources */,
			);
			runOnlyForDeploymentPostprocessing = 0;
		};
		2077F44919C2EEFC00689887 /* Sources */ = {
			isa = PBXSourcesBuildPhase;
			buildActionMask = 2147483647;
			files = (
				2077F45419C2EEFC00689887 /* ios8_rotten_tomatoesTests.swift in Sources */,
			);
			runOnlyForDeploymentPostprocessing = 0;
		};
/* End PBXSourcesBuildPhase section */

/* Begin PBXTargetDependency section */
		2077F44F19C2EEFC00689887 /* PBXTargetDependency */ = {
			isa = PBXTargetDependency;
			target = 2077F43719C2EEFC00689887 /* ios8_rotten_tomatoes */;
			targetProxy = 2077F44E19C2EEFC00689887 /* PBXContainerItemProxy */;
		};
/* End PBXTargetDependency section */

/* Begin PBXVariantGroup section */
		2077F44119C2EEFC00689887 /* Main.storyboard */ = {
			isa = PBXVariantGroup;
			children = (
				2077F44219C2EEFC00689887 /* Base */,
			);
			name = Main.storyboard;
			sourceTree = "<group>";
		};
		2077F44619C2EEFC00689887 /* LaunchScreen.xib */ = {
			isa = PBXVariantGroup;
			children = (
				2077F44719C2EEFC00689887 /* Base */,
			);
			name = LaunchScreen.xib;
			sourceTree = "<group>";
		};
/* End PBXVariantGroup section */

/* Begin XCBuildConfiguration section */
		2077F45519C2EEFC00689887 /* Debug */ = {
			isa = XCBuildConfiguration;
			buildSettings = {
				ALWAYS_SEARCH_USER_PATHS = NO;
				CLANG_CXX_LANGUAGE_STANDARD = "gnu++0x";
				CLANG_CXX_LIBRARY = "libc++";
				CLANG_ENABLE_MODULES = YES;
				CLANG_ENABLE_OBJC_ARC = YES;
				CLANG_WARN_BOOL_CONVERSION = YES;
				CLANG_WARN_CONSTANT_CONVERSION = YES;
				CLANG_WARN_DIRECT_OBJC_ISA_USAGE = YES_ERROR;
				CLANG_WARN_EMPTY_BODY = YES;
				CLANG_WARN_ENUM_CONVERSION = YES;
				CLANG_WARN_INT_CONVERSION = YES;
				CLANG_WARN_OBJC_ROOT_CLASS = YES_ERROR;
				CLANG_WARN_UNREACHABLE_CODE = YES;
				CLANG_WARN__DUPLICATE_METHOD_MATCH = YES;
				"CODE_SIGN_IDENTITY[sdk=iphoneos*]" = "iPhone Developer";
				COPY_PHASE_STRIP = NO;
				ENABLE_STRICT_OBJC_MSGSEND = YES;
				GCC_C_LANGUAGE_STANDARD = gnu99;
				GCC_DYNAMIC_NO_PIC = NO;
				GCC_OPTIMIZATION_LEVEL = 0;
				GCC_PREPROCESSOR_DEFINITIONS = (
					"DEBUG=1",
					"$(inherited)",
				);
				GCC_SYMBOLS_PRIVATE_EXTERN = NO;
				GCC_WARN_64_TO_32_BIT_CONVERSION = YES;
				GCC_WARN_ABOUT_RETURN_TYPE = YES_ERROR;
				GCC_WARN_UNDECLARED_SELECTOR = YES;
				GCC_WARN_UNINITIALIZED_AUTOS = YES_AGGRESSIVE;
				GCC_WARN_UNUSED_FUNCTION = YES;
				GCC_WARN_UNUSED_VARIABLE = YES;
				IPHONEOS_DEPLOYMENT_TARGET = 8.0;
				MTL_ENABLE_DEBUG_INFO = YES;
				ONLY_ACTIVE_ARCH = YES;
				SDKROOT = iphoneos;
				SWIFT_OPTIMIZATION_LEVEL = "-Onone";
			};
			name = Debug;
		};
		2077F45619C2EEFC00689887 /* Release */ = {
			isa = XCBuildConfiguration;
			buildSettings = {
				ALWAYS_SEARCH_USER_PATHS = NO;
				CLANG_CXX_LANGUAGE_STANDARD = "gnu++0x";
				CLANG_CXX_LIBRARY = "libc++";
				CLANG_ENABLE_MODULES = YES;
				CLANG_ENABLE_OBJC_ARC = YES;
				CLANG_WARN_BOOL_CONVERSION = YES;
				CLANG_WARN_CONSTANT_CONVERSION = YES;
				CLANG_WARN_DIRECT_OBJC_ISA_USAGE = YES_ERROR;
				CLANG_WARN_EMPTY_BODY = YES;
				CLANG_WARN_ENUM_CONVERSION = YES;
				CLANG_WARN_INT_CONVERSION = YES;
				CLANG_WARN_OBJC_ROOT_CLASS = YES_ERROR;
				CLANG_WARN_UNREACHABLE_CODE = YES;
				CLANG_WARN__DUPLICATE_METHOD_MATCH = YES;
				"CODE_SIGN_IDENTITY[sdk=iphoneos*]" = "iPhone Developer";
				COPY_PHASE_STRIP = YES;
				ENABLE_NS_ASSERTIONS = NO;
				ENABLE_STRICT_OBJC_MSGSEND = YES;
				GCC_C_LANGUAGE_STANDARD = gnu99;
				GCC_WARN_64_TO_32_BIT_CONVERSION = YES;
				GCC_WARN_ABOUT_RETURN_TYPE = YES_ERROR;
				GCC_WARN_UNDECLARED_SELECTOR = YES;
				GCC_WARN_UNINITIALIZED_AUTOS = YES_AGGRESSIVE;
				GCC_WARN_UNUSED_FUNCTION = YES;
				GCC_WARN_UNUSED_VARIABLE = YES;
				IPHONEOS_DEPLOYMENT_TARGET = 8.0;
				MTL_ENABLE_DEBUG_INFO = NO;
				SDKROOT = iphoneos;
				VALIDATE_PRODUCT = YES;
			};
			name = Release;
		};
		2077F45819C2EEFC00689887 /* Debug */ = {
			isa = XCBuildConfiguration;
			baseConfigurationReference = E9371ADC211E4E54BAB8FEA9 /* Pods.xcconfig */;
			buildSettings = {
				ASSETCATALOG_COMPILER_APPICON_NAME = AppIcon;
				CLANG_ENABLE_MODULES = YES;
				INFOPLIST_FILE = ios8_rotten_tomatoes/Info.plist;
				LD_RUNPATH_SEARCH_PATHS = "$(inherited) @executable_path/Frameworks";
				PRODUCT_NAME = "$(TARGET_NAME)";
				SWIFT_OBJC_BRIDGING_HEADER = "ios8_rotten_tomatoes/ios8_rotten_tomatoes-Bridging-Header.h";
				SWIFT_OPTIMIZATION_LEVEL = "-Onone";
			};
			name = Debug;
		};
		2077F45919C2EEFC00689887 /* Release */ = {
			isa = XCBuildConfiguration;
			baseConfigurationReference = E9371ADC211E4E54BAB8FEA9 /* Pods.xcconfig */;
			buildSettings = {
				ASSETCATALOG_COMPILER_APPICON_NAME = AppIcon;
				CLANG_ENABLE_MODULES = YES;
				INFOPLIST_FILE = ios8_rotten_tomatoes/Info.plist;
				LD_RUNPATH_SEARCH_PATHS = "$(inherited) @executable_path/Frameworks";
				PRODUCT_NAME = "$(TARGET_NAME)";
				SWIFT_OBJC_BRIDGING_HEADER = "ios8_rotten_tomatoes/ios8_rotten_tomatoes-Bridging-Header.h";
			};
			name = Release;
		};
		2077F45B19C2EEFC00689887 /* Debug */ = {
			isa = XCBuildConfiguration;
			buildSettings = {
				BUNDLE_LOADER = "$(TEST_HOST)";
				FRAMEWORK_SEARCH_PATHS = (
					"$(SDKROOT)/Developer/Library/Frameworks",
					"$(inherited)",
				);
				GCC_PREPROCESSOR_DEFINITIONS = (
					"DEBUG=1",
					"$(inherited)",
				);
				INFOPLIST_FILE = ios8_rotten_tomatoesTests/Info.plist;
				LD_RUNPATH_SEARCH_PATHS = "$(inherited) @executable_path/Frameworks @loader_path/Frameworks";
				PRODUCT_NAME = "$(TARGET_NAME)";
				TEST_HOST = "$(BUILT_PRODUCTS_DIR)/ios8_rotten_tomatoes.app/ios8_rotten_tomatoes";
			};
			name = Debug;
		};
		2077F45C19C2EEFC00689887 /* Release */ = {
			isa = XCBuildConfiguration;
			buildSettings = {
				BUNDLE_LOADER = "$(TEST_HOST)";
				FRAMEWORK_SEARCH_PATHS = (
					"$(SDKROOT)/Developer/Library/Frameworks",
					"$(inherited)",
				);
				INFOPLIST_FILE = ios8_rotten_tomatoesTests/Info.plist;
				LD_RUNPATH_SEARCH_PATHS = "$(inherited) @executable_path/Frameworks @loader_path/Frameworks";
				PRODUCT_NAME = "$(TARGET_NAME)";
				TEST_HOST = "$(BUILT_PRODUCTS_DIR)/ios8_rotten_tomatoes.app/ios8_rotten_tomatoes";
			};
			name = Release;
		};
/* End XCBuildConfiguration section */

/* Begin XCConfigurationList section */
		2077F43319C2EEFC00689887 /* Build configuration list for PBXProject "ios8_rotten_tomatoes" */ = {
			isa = XCConfigurationList;
			buildConfigurations = (
				2077F45519C2EEFC00689887 /* Debug */,
				2077F45619C2EEFC00689887 /* Release */,
			);
			defaultConfigurationIsVisible = 0;
			defaultConfigurationName = Release;
		};
		2077F45719C2EEFC00689887 /* Build configuration list for PBXNativeTarget "ios8_rotten_tomatoes" */ = {
			isa = XCConfigurationList;
			buildConfigurations = (
				2077F45819C2EEFC00689887 /* Debug */,
				2077F45919C2EEFC00689887 /* Release */,
			);
			defaultConfigurationIsVisible = 0;
			defaultConfigurationName = Release;
		};
		2077F45A19C2EEFC00689887 /* Build configuration list for PBXNativeTarget "ios8_rotten_tomatoesTests" */ = {
			isa = XCConfigurationList;
			buildConfigurations = (
				2077F45B19C2EEFC00689887 /* Debug */,
				2077F45C19C2EEFC00689887 /* Release */,
			);
			defaultConfigurationIsVisible = 0;
			defaultConfigurationName = Release;
		};
/* End XCConfigurationList section */
	};
	rootObject = 2077F43019C2EEFC00689887 /* Project object */;
}
